
Microsoft Visual Studio Solution File, Format Version 12.00
# Visual Studio Version 16
VisualStudioVersion = 16.0.31112.23
MinimumVisualStudioVersion = 10.0.40219.1
Project("{9A19103F-16F7-4668-BE54-9A1E7A4F7556}") = "JSONCovidDash", "JSONCovidDash\JSONCovidDash.csproj", "{2E9C9A8D-7CA4-4A26-9264-109E72E8FA81}"
EndProject
Global
	GlobalSection(SolutionConfigurationPlatforms) = preSolution
		Debug|Any CPU = Debug|Any CPU
		Release|Any CPU = Release|Any CPU
	EndGlobalSection
	GlobalSection(ProjectConfigurationPlatforms) = postSolution
		{2E9C9A8D-7CA4-4A26-9264-109E72E8FA81}.Debug|Any CPU.ActiveCfg = Debug|Any CPU
		{2E9C9A8D-7CA4-4A26-9264-109E72E8FA81}.Debug|Any CPU.Build.0 = Debug|Any CPU
		{2E9C9A8D-7CA4-4A26-9264-109E72E8FA81}.Release|Any CPU.ActiveCfg = Release|Any CPU
		{2E9C9A8D-7CA4-4A26-9264-109E72E8FA81}.Release|Any CPU.Build.0 = Release|Any CPU
	EndGlobalSection
	GlobalSection(SolutionProperties) = preSolution
		HideSolutionNode = FALSE
	EndGlobalSection
	GlobalSection(ExtensibilityGlobals) = postSolution
		SolutionGuid = {D9105614-C533-48D8-88D3-2C8BA95D2981}
	EndGlobalSection
EndGlobal
